
Microsoft Visual Studio Solution File, Format Version 12.00
# Visual Studio Version 17
VisualStudioVersion = 17.4.33122.133
MinimumVisualStudioVersion = 10.0.40219.1
Project("{9A19103F-16F7-4668-BE54-9A1E7A4F7556}") = "HMS", "HMS\HMS.csproj", "{2ABAEA72-910B-43E2-B09D-7BBBED9E96F2}"
EndProject
Project("{FAE04EC0-301F-11D3-BF4B-00C04F79EFBC}") = "HMS.Tests", "HMS.Tests\HMS.Tests.csproj", "{12F42C64-6352-456D-87B9-30C8A98BD955}"
EndProject
Global
	GlobalSection(SolutionConfigurationPlatforms) = preSolution
		Debug|Any CPU = Debug|Any CPU
		Release|Any CPU = Release|Any CPU
	EndGlobalSection
	GlobalSection(ProjectConfigurationPlatforms) = postSolution
		{2ABAEA72-910B-43E2-B09D-7BBBED9E96F2}.Debug|Any CPU.ActiveCfg = Debug|Any CPU
		{2ABAEA72-910B-43E2-B09D-7BBBED9E96F2}.Debug|Any CPU.Build.0 = Debug|Any CPU
		{2ABAEA72-910B-43E2-B09D-7BBBED9E96F2}.Release|Any CPU.ActiveCfg = Release|Any CPU
		{2ABAEA72-910B-43E2-B09D-7BBBED9E96F2}.Release|Any CPU.Build.0 = Release|Any CPU
		{12F42C64-6352-456D-87B9-30C8A98BD955}.Debug|Any CPU.ActiveCfg = Debug|Any CPU
		{12F42C64-6352-456D-87B9-30C8A98BD955}.Debug|Any CPU.Build.0 = Debug|Any CPU
		{12F42C64-6352-456D-87B9-30C8A98BD955}.Release|Any CPU.ActiveCfg = Release|Any CPU
		{12F42C64-6352-456D-87B9-30C8A98BD955}.Release|Any CPU.Build.0 = Release|Any CPU
	EndGlobalSection
	GlobalSection(SolutionProperties) = preSolution
		HideSolutionNode = FALSE
	EndGlobalSection
	GlobalSection(ExtensibilityGlobals) = postSolution
		SolutionGuid = {F2AB9E1E-A3E3-42CE-B4D2-DD93700F7FFE}
	EndGlobalSection
EndGlobal
